github.com/chrede88/qubt v1.3.1 h1:PFT2ZhrZ4620jdYV3yahXZV3eORA+4WXhygx7Cl5Hlw=
github.com/chrede88/qubt v1.3.1/go.mod h1:5rVoQlcu2HIT7+/4xWFBX7nMQGgfqSabqGVZV5OZ9J0=
github.com/hugomods/google-analytics v0.2.1 h1:591qgcVeqROhPhmI03YPiGXlb0jaIIqXDxy1HCNwD50=
github.com/hugomods/google-analytics v0.2.1/go.mod h1:Q89C3HmPHn2m2VT1INfnLwkpDyyYRLRIPitLA/aFIy8=
github.com/hugomods/gravatar v0.2.0 h1:642HNhGN7Mw7qefNcUFJKzLoT2zJKt4IQkrS53mIUfA=
github.com/hugomods/gravatar v0.2.0/go.mod h1:oATWuh5u2XUK/ZKzOD0VEP5I/TZfVZwplTyhT61Q4Fc=
